// !$*UTF8*$!
{
	archiveVersion = 1;
	classes = {
	};
	objectVersion = 55;
	objects = {

/* Begin PBXBuildFile section */
		001C539727E184760008F2F5 /* APIkeys.swift in Sources */ = {isa = PBXBuildFile; fileRef = 001C539627E184760008F2F5 /* APIkeys.swift */; };
		001C539927E1853D0008F2F5 /* WeatherLocation.swift in Sources */ = {isa = PBXBuildFile; fileRef = 001C539827E1853D0008F2F5 /* WeatherLocation.swift */; };
		00AEC2CE27E1601400D2AAFA /* AppDelegate.swift in Sources */ = {isa = PBXBuildFile; fileRef = 00AEC2CD27E1601400D2AAFA /* AppDelegate.swift */; };
		00AEC2D027E1601400D2AAFA /* SceneDelegate.swift in Sources */ = {isa = PBXBuildFile; fileRef = 00AEC2CF27E1601400D2AAFA /* SceneDelegate.swift */; };
		00AEC2D227E1601400D2AAFA /* LocationListViewController.swift in Sources */ = {isa = PBXBuildFile; fileRef = 00AEC2D127E1601400D2AAFA /* LocationListViewController.swift */; };
		00AEC2D527E1601400D2AAFA /* Main.storyboard in Resources */ = {isa = PBXBuildFile; fileRef = 00AEC2D327E1601400D2AAFA /* Main.storyboard */; };
		00AEC2D727E1601500D2AAFA /* Assets.xcassets in Resources */ = {isa = PBXBuildFile; fileRef = 00AEC2D627E1601500D2AAFA /* Assets.xcassets */; };
		00AEC2DA27E1601500D2AAFA /* LaunchScreen.storyboard in Resources */ = {isa = PBXBuildFile; fileRef = 00AEC2D827E1601500D2AAFA /* LaunchScreen.storyboard */; };
		00D6384F27EFACF500FA6970 /* DailyTableViewCell.swift in Sources */ = {isa = PBXBuildFile; fileRef = 00D6384E27EFACF500FA6970 /* DailyTableViewCell.swift */; };
		00D6385127EFC40100FA6970 /* HourlyCollectionViewCell.swift in Sources */ = {isa = PBXBuildFile; fileRef = 00D6385027EFC40100FA6970 /* HourlyCollectionViewCell.swift */; };
		00D6385327EFCF6D00FA6970 /* UIViewController+Alert.swift in Sources */ = {isa = PBXBuildFile; fileRef = 00D6385227EFCF6C00FA6970 /* UIViewController+Alert.swift */; };
		00D6385527EFDA0B00FA6970 /* AboutViewController.swift in Sources */ = {isa = PBXBuildFile; fileRef = 00D6385427EFDA0B00FA6970 /* AboutViewController.swift */; };
		00F18A6227E5237700463C2A /* LocationDetailViewController.swift in Sources */ = {isa = PBXBuildFile; fileRef = 00F18A6127E5237700463C2A /* LocationDetailViewController.swift */; };
		00F8F14527EE5FFB00D4C356 /* PageViewController.swift in Sources */ = {isa = PBXBuildFile; fileRef = 00F8F14427EE5FFB00D4C356 /* PageViewController.swift */; };
		00F8F14727EE756000D4C356 /* WeatherDetail.swift in Sources */ = {isa = PBXBuildFile; fileRef = 00F8F14627EE756000D4C356 /* WeatherDetail.swift */; };
		88097635D5538AF252ACA04B /* libPods-weather-gift.a in Frameworks */ = {isa = PBXBuildFile; fileRef = EC8290739E158E360F3C3402 /* libPods-weather-gift.a */; };
/* End PBXBuildFile section */

/* Begin PBXFileReference section */
		001C539627E184760008F2F5 /* APIkeys.swift */ = {isa = PBXFileReference; lastKnownFileType = sourcecode.swift; path = APIkeys.swift; sourceTree = "<group>"; };
		001C539827E1853D0008F2F5 /* WeatherLocation.swift */ = {isa = PBXFileReference; lastKnownFileType = sourcecode.swift; path = WeatherLocation.swift; sourceTree = "<group>"; };
		00AEC2CA27E1601400D2AAFA /* weather-gift.app */ = {isa = PBXFileReference; explicitFileType = wrapper.application; includeInIndex = 0; path = "weather-gift.app"; sourceTree = BUILT_PRODUCTS_DIR; };
		00AEC2CD27E1601400D2AAFA /* AppDelegate.swift */ = {isa = PBXFileReference; lastKnownFileType = sourcecode.swift; path = AppDelegate.swift; sourceTree = "<group>"; };
		00AEC2CF27E1601400D2AAFA /* SceneDelegate.swift */ = {isa = PBXFileReference; lastKnownFileType = sourcecode.swift; path = SceneDelegate.swift; sourceTree = "<group>"; };
		00AEC2D127E1601400D2AAFA /* LocationListViewController.swift */ = {isa = PBXFileReference; lastKnownFileType = sourcecode.swift; path = LocationListViewController.swift; sourceTree = "<group>"; };
		00AEC2D427E1601400D2AAFA /* Base */ = {isa = PBXFileReference; lastKnownFileType = file.storyboard; name = Base; path = Base.lproj/Main.storyboard; sourceTree = "<group>"; };
		00AEC2D627E1601500D2AAFA /* Assets.xcassets */ = {isa = PBXFileReference; lastKnownFileType = folder.assetcatalog; path = Assets.xcassets; sourceTree = "<group>"; };
		00AEC2D927E1601500D2AAFA /* Base */ = {isa = PBXFileReference; lastKnownFileType = file.storyboard; name = Base; path = Base.lproj/LaunchScreen.storyboard; sourceTree = "<group>"; };
		00AEC2DB27E1601500D2AAFA /* Info.plist */ = {isa = PBXFileReference; lastKnownFileType = text.plist.xml; path = Info.plist; sourceTree = "<group>"; };
		00D6384E27EFACF500FA6970 /* DailyTableViewCell.swift */ = {isa = PBXFileReference; lastKnownFileType = sourcecode.swift; path = DailyTableViewCell.swift; sourceTree = "<group>"; };
		00D6385027EFC40100FA6970 /* HourlyCollectionViewCell.swift */ = {isa = PBXFileReference; lastKnownFileType = sourcecode.swift; path = HourlyCollectionViewCell.swift; sourceTree = "<group>"; };
		00D6385227EFCF6C00FA6970 /* UIViewController+Alert.swift */ = {isa = PBXFileReference; fileEncoding = 4; lastKnownFileType = sourcecode.swift; path = "UIViewController+Alert.swift"; sourceTree = "<group>"; };
		00D6385427EFDA0B00FA6970 /* AboutViewController.swift */ = {isa = PBXFileReference; lastKnownFileType = sourcecode.swift; path = AboutViewController.swift; sourceTree = "<group>"; };
		00F18A6127E5237700463C2A /* LocationDetailViewController.swift */ = {isa = PBXFileReference; lastKnownFileType = sourcecode.swift; path = LocationDetailViewController.swift; sourceTree = "<group>"; };
		00F8F14427EE5FFB00D4C356 /* PageViewController.swift */ = {isa = PBXFileReference; lastKnownFileType = sourcecode.swift; path = PageViewController.swift; sourceTree = "<group>"; };
		00F8F14627EE756000D4C356 /* WeatherDetail.swift */ = {isa = PBXFileReference; lastKnownFileType = sourcecode.swift; path = WeatherDetail.swift; sourceTree = "<group>"; };
		C7A10BC2004232B874F35730 /* Pods-weather-gift.release.xcconfig */ = {isa = PBXFileReference; includeInIndex = 1; lastKnownFileType = text.xcconfig; name = "Pods-weather-gift.release.xcconfig"; path = "Target Support Files/Pods-weather-gift/Pods-weather-gift.release.xcconfig"; sourceTree = "<group>"; };
		EC8290739E158E360F3C3402 /* libPods-weather-gift.a */ = {isa = PBXFileReference; explicitFileType = archive.ar; includeInIndex = 0; path = "libPods-weather-gift.a"; sourceTree = BUILT_PRODUCTS_DIR; };
		F7361D106F6A40B9A69169E9 /* Pods-weather-gift.debug.xcconfig */ = {isa = PBXFileReference; includeInIndex = 1; lastKnownFileType = text.xcconfig; name = "Pods-weather-gift.debug.xcconfig"; path = "Target Support Files/Pods-weather-gift/Pods-weather-gift.debug.xcconfig"; sourceTree = "<group>"; };
/* End PBXFileReference section */

/* Begin PBXFrameworksBuildPhase section */
		00AEC2C727E1601400D2AAFA /* Frameworks */ = {
			isa = PBXFrameworksBuildPhase;
			buildActionMask = 2147483647;
			files = (
				88097635D5538AF252ACA04B /* libPods-weather-gift.a in Frameworks */,
			);
			runOnlyForDeploymentPostprocessing = 0;
		};
/* End PBXFrameworksBuildPhase section */

/* Begin PBXGroup section */
		00AEC2C127E1601400D2AAFA = {
			isa = PBXGroup;
			children = (
				00AEC2CC27E1601400D2AAFA /* weather-gift */,
				00AEC2CB27E1601400D2AAFA /* Products */,
				2BF4B91939CA3AB8B010E56E /* Pods */,
				3174EAB256C1A8E1A94EC7BE /* Frameworks */,
			);
			sourceTree = "<group>";
		};
		00AEC2CB27E1601400D2AAFA /* Products */ = {
			isa = PBXGroup;
			children = (
				00AEC2CA27E1601400D2AAFA /* weather-gift.app */,
			);
			name = Products;
			sourceTree = "<group>";
		};
		00AEC2CC27E1601400D2AAFA /* weather-gift */ = {
			isa = PBXGroup;
			children = (
				00AEC2CD27E1601400D2AAFA /* AppDelegate.swift */,
				00AEC2CF27E1601400D2AAFA /* SceneDelegate.swift */,
				001C539827E1853D0008F2F5 /* WeatherLocation.swift */,
				00F8F14627EE756000D4C356 /* WeatherDetail.swift */,
				00F8F14427EE5FFB00D4C356 /* PageViewController.swift */,
				00F18A6127E5237700463C2A /* LocationDetailViewController.swift */,
				00AEC2D127E1601400D2AAFA /* LocationListViewController.swift */,
				00D6385427EFDA0B00FA6970 /* AboutViewController.swift */,
				00D6384E27EFACF500FA6970 /* DailyTableViewCell.swift */,
				00D6385027EFC40100FA6970 /* HourlyCollectionViewCell.swift */,
				00D6385227EFCF6C00FA6970 /* UIViewController+Alert.swift */,
				00AEC2D327E1601400D2AAFA /* Main.storyboard */,
				00AEC2D627E1601500D2AAFA /* Assets.xcassets */,
				00AEC2D827E1601500D2AAFA /* LaunchScreen.storyboard */,
				00AEC2DB27E1601500D2AAFA /* Info.plist */,
				001C539627E184760008F2F5 /* APIkeys.swift */,
			);
			path = "weather-gift";
			sourceTree = "<group>";
		};
		2BF4B91939CA3AB8B010E56E /* Pods */ = {
			isa = PBXGroup;
			children = (
				F7361D106F6A40B9A69169E9 /* Pods-weather-gift.debug.xcconfig */,
				C7A10BC2004232B874F35730 /* Pods-weather-gift.release.xcconfig */,
			);
			path = Pods;
			sourceTree = "<group>";
		};
		3174EAB256C1A8E1A94EC7BE /* Frameworks */ = {
			isa = PBXGroup;
			children = (
				EC8290739E158E360F3C3402 /* libPods-weather-gift.a */,
			);
			name = Frameworks;
			sourceTree = "<group>";
		};
/* End PBXGroup section */

/* Begin PBXNativeTarget section */
		00AEC2C927E1601400D2AAFA /* weather-gift */ = {
			isa = PBXNativeTarget;
			buildConfigurationList = 00AEC2DE27E1601500D2AAFA /* Build configuration list for PBXNativeTarget "weather-gift" */;
			buildPhases = (
				F6B137477185E97474E912DC /* [CP] Check Pods Manifest.lock */,
				00AEC2C627E1601400D2AAFA /* Sources */,
				00AEC2C727E1601400D2AAFA /* Frameworks */,
				00AEC2C827E1601400D2AAFA /* Resources */,
				171BBA4DEA1817A4E6A0C6A9 /* [CP] Copy Pods Resources */,
			);
			buildRules = (
			);
			dependencies = (
			);
			name = "weather-gift";
			productName = "weather-gift";
			productReference = 00AEC2CA27E1601400D2AAFA /* weather-gift.app */;
			productType = "com.apple.product-type.application";
		};
/* End PBXNativeTarget section */

/* Begin PBXProject section */
		00AEC2C227E1601400D2AAFA /* Project object */ = {
			isa = PBXProject;
			attributes = {
				BuildIndependentTargetsInParallel = 1;
				LastSwiftUpdateCheck = 1320;
				LastUpgradeCheck = 1320;
				TargetAttributes = {
					00AEC2C927E1601400D2AAFA = {
						CreatedOnToolsVersion = 13.2.1;
					};
				};
			};
			buildConfigurationList = 00AEC2C527E1601400D2AAFA /* Build configuration list for PBXProject "weather-gift" */;
			compatibilityVersion = "Xcode 13.0";
			developmentRegion = en;
			hasScannedForEncodings = 0;
			knownRegions = (
				en,
				Base,
			);
			mainGroup = 00AEC2C127E1601400D2AAFA;
			productRefGroup = 00AEC2CB27E1601400D2AAFA /* Products */;
			projectDirPath = "";
			projectRoot = "";
			targets = (
				00AEC2C927E1601400D2AAFA /* weather-gift */,
			);
		};
/* End PBXProject section */

/* Begin PBXResourcesBuildPhase section */
		00AEC2C827E1601400D2AAFA /* Resources */ = {
			isa = PBXResourcesBuildPhase;
			buildActionMask = 2147483647;
			files = (
				00AEC2DA27E1601500D2AAFA /* LaunchScreen.storyboard in Resources */,
				00AEC2D727E1601500D2AAFA /* Assets.xcassets in Resources */,
				00AEC2D527E1601400D2AAFA /* Main.storyboard in Resources */,
			);
			runOnlyForDeploymentPostprocessing = 0;
		};
/* End PBXResourcesBuildPhase section */

/* Begin PBXShellScriptBuildPhase section */
		171BBA4DEA1817A4E6A0C6A9 /* [CP] Copy Pods Resources */ = {
			isa = PBXShellScriptBuildPhase;
			buildActionMask = 2147483647;
			files = (
			);
			inputFileListPaths = (
				"${PODS_ROOT}/Target Support Files/Pods-weather-gift/Pods-weather-gift-resources-${CONFIGURATION}-input-files.xcfilelist",
			);
			name = "[CP] Copy Pods Resources";
			outputFileListPaths = (
				"${PODS_ROOT}/Target Support Files/Pods-weather-gift/Pods-weather-gift-resources-${CONFIGURATION}-output-files.xcfilelist",
			);
			runOnlyForDeploymentPostprocessing = 0;
			shellPath = /bin/sh;
			shellScript = "\"${PODS_ROOT}/Target Support Files/Pods-weather-gift/Pods-weather-gift-resources.sh\"\n";
			showEnvVarsInLog = 0;
		};
		F6B137477185E97474E912DC /* [CP] Check Pods Manifest.lock */ = {
			isa = PBXShellScriptBuildPhase;
			buildActionMask = 2147483647;
			files = (
			);
			inputFileListPaths = (
			);
			inputPaths = (
				"${PODS_PODFILE_DIR_PATH}/Podfile.lock",
				"${PODS_ROOT}/Manifest.lock",
			);
			name = "[CP] Check Pods Manifest.lock";
			outputFileListPaths = (
			);
			outputPaths = (
				"$(DERIVED_FILE_DIR)/Pods-weather-gift-checkManifestLockResult.txt",
			);
			runOnlyForDeploymentPostprocessing = 0;
			shellPath = /bin/sh;
			shellScript = "diff \"${PODS_PODFILE_DIR_PATH}/Podfile.lock\" \"${PODS_ROOT}/Manifest.lock\" > /dev/null\nif [ $? != 0 ] ; then\n    # print error to STDERR\n    echo \"error: The sandbox is not in sync with the Podfile.lock. Run 'pod install' or update your CocoaPods installation.\" >&2\n    exit 1\nfi\n# This output is used by Xcode 'outputs' to avoid re-running this script phase.\necho \"SUCCESS\" > \"${SCRIPT_OUTPUT_FILE_0}\"\n";
			showEnvVarsInLog = 0;
		};
/* End PBXShellScriptBuildPhase section */

/* Begin PBXSourcesBuildPhase section */
		00AEC2C627E1601400D2AAFA /* Sources */ = {
			isa = PBXSourcesBuildPhase;
			buildActionMask = 2147483647;
			files = (
				00D6384F27EFACF500FA6970 /* DailyTableViewCell.swift in Sources */,
				001C539927E1853D0008F2F5 /* WeatherLocation.swift in Sources */,
				00F8F14727EE756000D4C356 /* WeatherDetail.swift in Sources */,
				00F8F14527EE5FFB00D4C356 /* PageViewController.swift in Sources */,
				00D6385327EFCF6D00FA6970 /* UIViewController+Alert.swift in Sources */,
				00AEC2D227E1601400D2AAFA /* LocationListViewController.swift in Sources */,
				00D6385527EFDA0B00FA6970 /* AboutViewController.swift in Sources */,
				00AEC2CE27E1601400D2AAFA /* AppDelegate.swift in Sources */,
				001C539727E184760008F2F5 /* APIkeys.swift in Sources */,
				00F18A6227E5237700463C2A /* LocationDetailViewController.swift in Sources */,
				00AEC2D027E1601400D2AAFA /* SceneDelegate.swift in Sources */,
				00D6385127EFC40100FA6970 /* HourlyCollectionViewCell.swift in Sources */,
			);
			runOnlyForDeploymentPostprocessing = 0;
		};
/* End PBXSourcesBuildPhase section */

/* Begin PBXVariantGroup section */
		00AEC2D327E1601400D2AAFA /* Main.storyboard */ = {
			isa = PBXVariantGroup;
			children = (
				00AEC2D427E1601400D2AAFA /* Base */,
			);
			name = Main.storyboard;
			sourceTree = "<group>";
		};
		00AEC2D827E1601500D2AAFA /* LaunchScreen.storyboard */ = {
			isa = PBXVariantGroup;
			children = (
				00AEC2D927E1601500D2AAFA /* Base */,
			);
			name = LaunchScreen.storyboard;
			sourceTree = "<group>";
		};
/* End PBXVariantGroup section */

/* Begin XCBuildConfiguration section */
		00AEC2DC27E1601500D2AAFA /* Debug */ = {
			isa = XCBuildConfiguration;
			buildSettings = {
				ALWAYS_SEARCH_USER_PATHS = NO;
				CLANG_ANALYZER_NONNULL = YES;
				CLANG_ANALYZER_NUMBER_OBJECT_CONVERSION = YES_AGGRESSIVE;
				CLANG_CXX_LANGUAGE_STANDARD = "gnu++17";
				CLANG_CXX_LIBRARY = "libc++";
				CLANG_ENABLE_MODULES = YES;
				CLANG_ENABLE_OBJC_ARC = YES;
				CLANG_ENABLE_OBJC_WEAK = YES;
				CLANG_WARN_BLOCK_CAPTURE_AUTORELEASING = YES;
				CLANG_WARN_BOOL_CONVERSION = YES;
				CLANG_WARN_COMMA = YES;
				CLANG_WARN_CONSTANT_CONVERSION = YES;
				CLANG_WARN_DEPRECATED_OBJC_IMPLEMENTATIONS = YES;
				CLANG_WARN_DIRECT_OBJC_ISA_USAGE = YES_ERROR;
				CLANG_WARN_DOCUMENTATION_COMMENTS = YES;
				CLANG_WARN_EMPTY_BODY = YES;
				CLANG_WARN_ENUM_CONVERSION = YES;
				CLANG_WARN_INFINITE_RECURSION = YES;
				CLANG_WARN_INT_CONVERSION = YES;
				CLANG_WARN_NON_LITERAL_NULL_CONVERSION = YES;
				CLANG_WARN_OBJC_IMPLICIT_RETAIN_SELF = YES;
				CLANG_WARN_OBJC_LITERAL_CONVERSION = YES;
				CLANG_WARN_OBJC_ROOT_CLASS = YES_ERROR;
				CLANG_WARN_QUOTED_INCLUDE_IN_FRAMEWORK_HEADER = YES;
				CLANG_WARN_RANGE_LOOP_ANALYSIS = YES;
				CLANG_WARN_STRICT_PROTOTYPES = YES;
				CLANG_WARN_SUSPICIOUS_MOVE = YES;
				CLANG_WARN_UNGUARDED_AVAILABILITY = YES_AGGRESSIVE;
				CLANG_WARN_UNREACHABLE_CODE = YES;
				CLANG_WARN__DUPLICATE_METHOD_MATCH = YES;
				COPY_PHASE_STRIP = NO;
				DEBUG_INFORMATION_FORMAT = dwarf;
				ENABLE_STRICT_OBJC_MSGSEND = YES;
				ENABLE_TESTABILITY = YES;
				GCC_C_LANGUAGE_STANDARD = gnu11;
				GCC_DYNAMIC_NO_PIC = NO;
				GCC_NO_COMMON_BLOCKS = YES;
				GCC_OPTIMIZATION_LEVEL = 0;
				GCC_PREPROCESSOR_DEFINITIONS = (
					"DEBUG=1",
					"$(inherited)",
				);
				GCC_WARN_64_TO_32_BIT_CONVERSION = YES;
				GCC_WARN_ABOUT_RETURN_TYPE = YES_ERROR;
				GCC_WARN_UNDECLARED_SELECTOR = YES;
				GCC_WARN_UNINITIALIZED_AUTOS = YES_AGGRESSIVE;
				GCC_WARN_UNUSED_FUNCTION = YES;
				GCC_WARN_UNUSED_VARIABLE = YES;
				IPHONEOS_DEPLOYMENT_TARGET = 15.2;
				MTL_ENABLE_DEBUG_INFO = INCLUDE_SOURCE;
				MTL_FAST_MATH = YES;
				ONLY_ACTIVE_ARCH = YES;
				SDKROOT = iphoneos;
				SWIFT_ACTIVE_COMPILATION_CONDITIONS = DEBUG;
				SWIFT_OPTIMIZATION_LEVEL = "-Onone";
			};
			name = Debug;
		};
		00AEC2DD27E1601500D2AAFA /* Release */ = {
			isa = XCBuildConfiguration;
			buildSettings = {
				ALWAYS_SEARCH_USER_PATHS = NO;
				CLANG_ANALYZER_NONNULL = YES;
				CLANG_ANALYZER_NUMBER_OBJECT_CONVERSION = YES_AGGRESSIVE;
				CLANG_CXX_LANGUAGE_STANDARD = "gnu++17";
				CLANG_CXX_LIBRARY = "libc++";
				CLANG_ENABLE_MODULES = YES;
				CLANG_ENABLE_OBJC_ARC = YES;
				CLANG_ENABLE_OBJC_WEAK = YES;
				CLANG_WARN_BLOCK_CAPTURE_AUTORELEASING = YES;
				CLANG_WARN_BOOL_CONVERSION = YES;
				CLANG_WARN_COMMA = YES;
				CLANG_WARN_CONSTANT_CONVERSION = YES;
				CLANG_WARN_DEPRECATED_OBJC_IMPLEMENTATIONS = YES;
				CLANG_WARN_DIRECT_OBJC_ISA_USAGE = YES_ERROR;
				CLANG_WARN_DOCUMENTATION_COMMENTS = YES;
				CLANG_WARN_EMPTY_BODY = YES;
				CLANG_WARN_ENUM_CONVERSION = YES;
				CLANG_WARN_INFINITE_RECURSION = YES;
				CLANG_WARN_INT_CONVERSION = YES;
				CLANG_WARN_NON_LITERAL_NULL_CONVERSION = YES;
				CLANG_WARN_OBJC_IMPLICIT_RETAIN_SELF = YES;
				CLANG_WARN_OBJC_LITERAL_CONVERSION = YES;
				CLANG_WARN_OBJC_ROOT_CLASS = YES_ERROR;
				CLANG_WARN_QUOTED_INCLUDE_IN_FRAMEWORK_HEADER = YES;
				CLANG_WARN_RANGE_LOOP_ANALYSIS = YES;
				CLANG_WARN_STRICT_PROTOTYPES = YES;
				CLANG_WARN_SUSPICIOUS_MOVE = YES;
				CLANG_WARN_UNGUARDED_AVAILABILITY = YES_AGGRESSIVE;
				CLANG_WARN_UNREACHABLE_CODE = YES;
				CLANG_WARN__DUPLICATE_METHOD_MATCH = YES;
				COPY_PHASE_STRIP = NO;
				DEBUG_INFORMATION_FORMAT = "dwarf-with-dsym";
				ENABLE_NS_ASSERTIONS = NO;
				ENABLE_STRICT_OBJC_MSGSEND = YES;
				GCC_C_LANGUAGE_STANDARD = gnu11;
				GCC_NO_COMMON_BLOCKS = YES;
				GCC_WARN_64_TO_32_BIT_CONVERSION = YES;
				GCC_WARN_ABOUT_RETURN_TYPE = YES_ERROR;
				GCC_WARN_UNDECLARED_SELECTOR = YES;
				GCC_WARN_UNINITIALIZED_AUTOS = YES_AGGRESSIVE;
				GCC_WARN_UNUSED_FUNCTION = YES;
				GCC_WARN_UNUSED_VARIABLE = YES;
				IPHONEOS_DEPLOYMENT_TARGET = 15.2;
				MTL_ENABLE_DEBUG_INFO = NO;
				MTL_FAST_MATH = YES;
				SDKROOT = iphoneos;
				SWIFT_COMPILATION_MODE = wholemodule;
				SWIFT_OPTIMIZATION_LEVEL = "-O";
				VALIDATE_PRODUCT = YES;
			};
			name = Release;
		};
		00AEC2DF27E1601500D2AAFA /* Debug */ = {
			isa = XCBuildConfiguration;
			baseConfigurationReference = F7361D106F6A40B9A69169E9 /* Pods-weather-gift.debug.xcconfig */;
			buildSettings = {
				ASSETCATALOG_COMPILER_APPICON_NAME = AppIcon;
				ASSETCATALOG_COMPILER_GLOBAL_ACCENT_COLOR_NAME = AccentColor;
				CODE_SIGN_STYLE = Automatic;
				CURRENT_PROJECT_VERSION = 1;
				DEVELOPMENT_TEAM = WG5NZW89G7;
				"EXCLUDED_ARCHS[sdk=iphonesimulator*]" = arm64;
				GENERATE_INFOPLIST_FILE = YES;
				INFOPLIST_FILE = "weather-gift/Info.plist";
				INFOPLIST_KEY_UIApplicationSupportsIndirectInputEvents = YES;
				INFOPLIST_KEY_UILaunchStoryboardName = LaunchScreen;
				INFOPLIST_KEY_UIMainStoryboardFile = Main;
				INFOPLIST_KEY_UISupportedInterfaceOrientations_iPad = "UIInterfaceOrientationPortrait UIInterfaceOrientationPortraitUpsideDown UIInterfaceOrientationLandscapeLeft UIInterfaceOrientationLandscapeRight";
				INFOPLIST_KEY_UISupportedInterfaceOrientations_iPhone = "UIInterfaceOrientationPortrait UIInterfaceOrientationLandscapeLeft UIInterfaceOrientationLandscapeRight";
				LD_RUNPATH_SEARCH_PATHS = (
					"$(inherited)",
					"@executable_path/Frameworks",
				);
				MARKETING_VERSION = 1.0;
				PRODUCT_BUNDLE_IDENTIFIER = "com.chin.weather-gift";
				PRODUCT_NAME = "$(TARGET_NAME)";
				SWIFT_EMIT_LOC_STRINGS = YES;
				SWIFT_VERSION = 5.0;
				TARGETED_DEVICE_FAMILY = "1,2";
			};
			name = Debug;
		};
		00AEC2E027E1601500D2AAFA /* Release */ = {
			isa = XCBuildConfiguration;
			baseConfigurationReference = C7A10BC2004232B874F35730 /* Pods-weather-gift.release.xcconfig */;
			buildSettings = {
				ASSETCATALOG_COMPILER_APPICON_NAME = AppIcon;
				ASSETCATALOG_COMPILER_GLOBAL_ACCENT_COLOR_NAME = AccentColor;
				CODE_SIGN_STYLE = Automatic;
				CURRENT_PROJECT_VERSION = 1;
				DEVELOPMENT_TEAM = WG5NZW89G7;
				"EXCLUDED_ARCHS[sdk=iphonesimulator*]" = arm64;
				GENERATE_INFOPLIST_FILE = YES;
				INFOPLIST_FILE = "weather-gift/Info.plist";
				INFOPLIST_KEY_UIApplicationSupportsIndirectInputEvents = YES;
				INFOPLIST_KEY_UILaunchStoryboardName = LaunchScreen;
				INFOPLIST_KEY_UIMainStoryboardFile = Main;
				INFOPLIST_KEY_UISupportedInterfaceOrientations_iPad = "UIInterfaceOrientationPortrait UIInterfaceOrientationPortraitUpsideDown UIInterfaceOrientationLandscapeLeft UIInterfaceOrientationLandscapeRight";
				INFOPLIST_KEY_UISupportedInterfaceOrientations_iPhone = "UIInterfaceOrientationPortrait UIInterfaceOrientationLandscapeLeft UIInterfaceOrientationLandscapeRight";
				LD_RUNPATH_SEARCH_PATHS = (
					"$(inherited)",
					"@executable_path/Frameworks",
				);
				MARKETING_VERSION = 1.0;
				PRODUCT_BUNDLE_IDENTIFIER = "com.chin.weather-gift";
				PRODUCT_NAME = "$(TARGET_NAME)";
				SWIFT_EMIT_LOC_STRINGS = YES;
				SWIFT_VERSION = 5.0;
				TARGETED_DEVICE_FAMILY = "1,2";
			};
			name = Release;
		};
/* End XCBuildConfiguration section */

/* Begin XCConfigurationList section */
		00AEC2C527E1601400D2AAFA /* Build configuration list for PBXProject "weather-gift" */ = {
			isa = XCConfigurationList;
			buildConfigurations = (
				00AEC2DC27E1601500D2AAFA /* Debug */,
				00AEC2DD27E1601500D2AAFA /* Release */,
			);
			defaultConfigurationIsVisible = 0;
			defaultConfigurationName = Release;
		};
		00AEC2DE27E1601500D2AAFA /* Build configuration list for PBXNativeTarget "weather-gift" */ = {
			isa = XCConfigurationList;
			buildConfigurations = (
				00AEC2DF27E1601500D2AAFA /* Debug */,
				00AEC2E027E1601500D2AAFA /* Release */,
			);
			defaultConfigurationIsVisible = 0;
			defaultConfigurationName = Release;
		};
/* End XCConfigurationList section */
	};
	rootObject = 00AEC2C227E1601400D2AAFA /* Project object */;
}
